
Microsoft Visual Studio Solution File, Format Version 12.00
# Visual Studio 2017
Project("{FAE04EC0-301F-11D3-BF4B-00C04F79EFBC}") = "Gary_DoTween", "Gary_DoTween.csproj", "{1F87E078-53EF-20A7-E736-716EEE71BC7D}"
EndProject
Global
	GlobalSection(SolutionConfigurationPlatforms) = preSolution
		Debug|Any CPU = Debug|Any CPU
		Release|Any CPU = Release|Any CPU
	EndGlobalSection
	GlobalSection(ProjectConfigurationPlatforms) = postSolution
		{1F87E078-53EF-20A7-E736-716EEE71BC7D}.Debug|Any CPU.ActiveCfg = Debug|Any CPU
		{1F87E078-53EF-20A7-E736-716EEE71BC7D}.Debug|Any CPU.Build.0 = Debug|Any CPU
		{1F87E078-53EF-20A7-E736-716EEE71BC7D}.Release|Any CPU.ActiveCfg = Release|Any CPU
		{1F87E078-53EF-20A7-E736-716EEE71BC7D}.Release|Any CPU.Build.0 = Release|Any CPU
	EndGlobalSection
	GlobalSection(SolutionProperties) = preSolution
		HideSolutionNode = FALSE
	EndGlobalSection
EndGlobal
